
Microsoft Visual Studio Solution File, Format Version 12.00
# Visual Studio 2012
Project("{FAE04EC0-301F-11D3-BF4B-00C04F79EFBC}") = "DLAnimator", "DLAnimator\DLAnimator.csproj", "{F2445F69-EA90-43DC-B224-9DCB6153F7AA}"
EndProject
Project("{FAE04EC0-301F-11D3-BF4B-00C04F79EFBC}") = "DLAnimatorExample", "DLAnimatorExample\DLAnimatorExample.csproj", "{DE7F6EC1-93CA-43AC-9583-6BC038CE5D80}"
EndProject
Global
	GlobalSection(SolutionConfigurationPlatforms) = preSolution
		Debug|Any CPU = Debug|Any CPU
		Release|Any CPU = Release|Any CPU
	EndGlobalSection
	GlobalSection(ProjectConfigurationPlatforms) = postSolution
		{F2445F69-EA90-43DC-B224-9DCB6153F7AA}.Debug|Any CPU.ActiveCfg = Debug|Any CPU
		{F2445F69-EA90-43DC-B224-9DCB6153F7AA}.Debug|Any CPU.Build.0 = Debug|Any CPU
		{F2445F69-EA90-43DC-B224-9DCB6153F7AA}.Release|Any CPU.ActiveCfg = Release|Any CPU
		{F2445F69-EA90-43DC-B224-9DCB6153F7AA}.Release|Any CPU.Build.0 = Release|Any CPU
		{DE7F6EC1-93CA-43AC-9583-6BC038CE5D80}.Debug|Any CPU.ActiveCfg = Debug|Any CPU
		{DE7F6EC1-93CA-43AC-9583-6BC038CE5D80}.Debug|Any CPU.Build.0 = Debug|Any CPU
		{DE7F6EC1-93CA-43AC-9583-6BC038CE5D80}.Release|Any CPU.ActiveCfg = Release|Any CPU
		{DE7F6EC1-93CA-43AC-9583-6BC038CE5D80}.Release|Any CPU.Build.0 = Release|Any CPU
	EndGlobalSection
	GlobalSection(SolutionProperties) = preSolution
		HideSolutionNode = FALSE
	EndGlobalSection
EndGlobal
